
Microsoft Visual Studio Solution File, Format Version 12.00
# Visual Studio Version 17
VisualStudioVersion = 17.2.32630.192
MinimumVisualStudioVersion = 10.0.40219.1
Project("{FAE04EC0-301F-11D3-BF4B-00C04F79EFBC}") = "DelegateClasswork", "DelegateClasswork.csproj", "{4454A101-3FED-42C1-85A3-1BA925A6A5F6}"
EndProject
Global
	GlobalSection(SolutionConfigurationPlatforms) = preSolution
		Debug|Any CPU = Debug|Any CPU
		Release|Any CPU = Release|Any CPU
	EndGlobalSection
	GlobalSection(ProjectConfigurationPlatforms) = postSolution
		{4454A101-3FED-42C1-85A3-1BA925A6A5F6}.Debug|Any CPU.ActiveCfg = Debug|Any CPU
		{4454A101-3FED-42C1-85A3-1BA925A6A5F6}.Debug|Any CPU.Build.0 = Debug|Any CPU
		{4454A101-3FED-42C1-85A3-1BA925A6A5F6}.Release|Any CPU.ActiveCfg = Release|Any CPU
		{4454A101-3FED-42C1-85A3-1BA925A6A5F6}.Release|Any CPU.Build.0 = Release|Any CPU
	EndGlobalSection
	GlobalSection(SolutionProperties) = preSolution
		HideSolutionNode = FALSE
	EndGlobalSection
	GlobalSection(ExtensibilityGlobals) = postSolution
		SolutionGuid = {ECB01D35-EDD8-4C6D-BC74-F2C95DF336A2}
	EndGlobalSection
EndGlobal
